
Microsoft Visual Studio Solution File, Format Version 12.00
# Visual Studio Version 16
VisualStudioVersion = 16.0.31321.278
MinimumVisualStudioVersion = 10.0.40219.1
Project("{FAE04EC0-301F-11D3-BF4B-00C04F79EFBC}") = "Calculator", "Calculator\Calculator.csproj", "{CD49929D-4BC3-484B-97CE-9802D7DD4E01}"
EndProject
Project("{FAE04EC0-301F-11D3-BF4B-00C04F79EFBC}") = "SimpleCalculatorTestSuite", "SimpleCalculatorTestSuite\SimpleCalculatorTestSuite.csproj", "{6CADB2D6-2493-46B8-BF9E-6B60418801AC}"
EndProject
Project("{FAE04EC0-301F-11D3-BF4B-00C04F79EFBC}") = "CalculatorApi", "CalculatorApi\CalculatorApi.csproj", "{D930947B-48B0-4839-A874-8696F35F02FF}"
EndProject
Global
	GlobalSection(SolutionConfigurationPlatforms) = preSolution
		Debug|Any CPU = Debug|Any CPU
		Release|Any CPU = Release|Any CPU
	EndGlobalSection
	GlobalSection(ProjectConfigurationPlatforms) = postSolution
		{CD49929D-4BC3-484B-97CE-9802D7DD4E01}.Debug|Any CPU.ActiveCfg = Debug|Any CPU
		{CD49929D-4BC3-484B-97CE-9802D7DD4E01}.Debug|Any CPU.Build.0 = Debug|Any CPU
		{CD49929D-4BC3-484B-97CE-9802D7DD4E01}.Release|Any CPU.ActiveCfg = Release|Any CPU
		{CD49929D-4BC3-484B-97CE-9802D7DD4E01}.Release|Any CPU.Build.0 = Release|Any CPU
		{6CADB2D6-2493-46B8-BF9E-6B60418801AC}.Debug|Any CPU.ActiveCfg = Debug|Any CPU
		{6CADB2D6-2493-46B8-BF9E-6B60418801AC}.Debug|Any CPU.Build.0 = Debug|Any CPU
		{6CADB2D6-2493-46B8-BF9E-6B60418801AC}.Release|Any CPU.ActiveCfg = Release|Any CPU
		{6CADB2D6-2493-46B8-BF9E-6B60418801AC}.Release|Any CPU.Build.0 = Release|Any CPU
		{D930947B-48B0-4839-A874-8696F35F02FF}.Debug|Any CPU.ActiveCfg = Debug|Any CPU
		{D930947B-48B0-4839-A874-8696F35F02FF}.Debug|Any CPU.Build.0 = Debug|Any CPU
		{D930947B-48B0-4839-A874-8696F35F02FF}.Release|Any CPU.ActiveCfg = Release|Any CPU
		{D930947B-48B0-4839-A874-8696F35F02FF}.Release|Any CPU.Build.0 = Release|Any CPU
	EndGlobalSection
	GlobalSection(SolutionProperties) = preSolution
		HideSolutionNode = FALSE
	EndGlobalSection
	GlobalSection(ExtensibilityGlobals) = postSolution
		SolutionGuid = {147C56B8-E74D-43A3-A16A-C8E2F46283FC}
	EndGlobalSection
EndGlobal
